PODS:
  - audio_session (0.0.1):
    - Flutter
  - facebook_app_events (0.0.1):
    - FBAudienceNetwork (= 6.15.0)
    - FBSDKCoreKit (~> 17.0)
    - Flutter
  - FBAEMKit (17.4.0):
    - FBSDKCoreKit_Basics (= 17.4.0)
  - FBAudienceNetwork (6.15.0)
  - FBSDKCoreKit (17.4.0):
    - FBAEMKit (= 17.4.0)
    - FBSDKCoreKit_Basics (= 17.4.0)
  - FBSDKCoreKit_Basics (17.4.0)
  - Flutter (1.0.0)
  - flutter_local_notifications (0.0.1):
    - Flutter
  - games_services (0.0.1):
    - Flutter
    - FlutterMacOS
  - just_audio (0.0.1):
    - Flutter
  - path_provider_foundation (0.0.1):
    - Flutter
    - FlutterMacOS
  - purchases_flutter (8.3.2):
    - Flutter
    - PurchasesHybridCommon (= 13.13.0)
  - PurchasesHybridCommon (13.13.0):
    - RevenueCat (= 5.14.0)
  - RevenueCat (5.14.0)
  - share_plus (0.0.1):
    - Flutter
  - shared_preferences_foundation (0.0.1):
    - Flutter
    - FlutterMacOS
  - sqflite_darwin (0.0.4):
    - Flutter
    - FlutterMacOS
  - url_launcher_ios (0.0.1):
    - Flutter
  - webview_flutter_wkwebview (0.0.1):
    - Flutter
    - FlutterMacOS
  - workmanager (0.0.1):
    - Flutter

DEPENDENCIES:
  - audio_session (from `.symlinks/plugins/audio_session/ios`)
  - facebook_app_events (from `.symlinks/plugins/facebook_app_events/ios`)
  - Flutter (from `Flutter`)
  - flutter_local_notifications (from `.symlinks/plugins/flutter_local_notifications/ios`)
  - games_services (from `.symlinks/plugins/games_services/darwin`)
  - just_audio (from `.symlinks/plugins/just_audio/ios`)
  - path_provider_foundation (from `.symlinks/plugins/path_provider_foundation/darwin`)
  - purchases_flutter (from `.symlinks/plugins/purchases_flutter/ios`)
  - share_plus (from `.symlinks/plugins/share_plus/ios`)
  - shared_preferences_foundation (from `.symlinks/plugins/shared_preferences_foundation/darwin`)
  - sqflite_darwin (from `.symlinks/plugins/sqflite_darwin/darwin`)
  - url_launcher_ios (from `.symlinks/plugins/url_launcher_ios/ios`)
  - webview_flutter_wkwebview (from `.symlinks/plugins/webview_flutter_wkwebview/darwin`)
  - workmanager (from `.symlinks/plugins/workmanager/ios`)

SPEC REPOS:
  trunk:
    - FBAEMKit
    - FBAudienceNetwork
    - FBSDKCoreKit
    - FBSDKCoreKit_Basics
    - PurchasesHybridCommon
    - RevenueCat

EXTERNAL SOURCES:
  audio_session:
    :path: ".symlinks/plugins/audio_session/ios"
  facebook_app_events:
    :path: ".symlinks/plugins/facebook_app_events/ios"
  Flutter:
    :path: Flutter
  flutter_local_notifications:
    :path: ".symlinks/plugins/flutter_local_notifications/ios"
  games_services:
    :path: ".symlinks/plugins/games_services/darwin"
  just_audio:
    :path: ".symlinks/plugins/just_audio/ios"
  path_provider_foundation:
    :path: ".symlinks/plugins/path_provider_foundation/darwin"
  purchases_flutter:
    :path: ".symlinks/plugins/purchases_flutter/ios"
  share_plus:
    :path: ".symlinks/plugins/share_plus/ios"
  shared_preferences_foundation:
    :path: ".symlinks/plugins/shared_preferences_foundation/darwin"
  sqflite_darwin:
    :path: ".symlinks/plugins/sqflite_darwin/darwin"
  url_launcher_ios:
    :path: ".symlinks/plugins/url_launcher_ios/ios"
  webview_flutter_wkwebview:
    :path: ".symlinks/plugins/webview_flutter_wkwebview/darwin"
  workmanager:
    :path: ".symlinks/plugins/workmanager/ios"

SPEC CHECKSUMS:
  audio_session: 088d2483ebd1dc43f51d253d4a1c517d9a2e7207
  facebook_app_events: c913b6757053494b19db1648a07ab755f0d3bf74
  FBAEMKit: 58cb5f302cdd715a56d4c1d0dfdd2e423ac1421a
  FBAudienceNetwork: 80a035aa69cc3a71c99e44cb5c2874e4cef9909f
  FBSDKCoreKit: 94d7461d0cecf441b1ba7c41acfff41daa8ccd41
  FBSDKCoreKit_Basics: 151b43db8b834d3f0e02f95d36a44ffd36265e45
  Flutter: e0871f40cf51350855a761d2e70bf5af5b9b5de7
  flutter_local_notifications: df98d66e515e1ca797af436137b4459b160ad8c9
  games_services: 9d174ae29e8de7aa3f511bc00fedd7006594063f
  just_audio: baa7252489dbcf47a4c7cc9ca663e9661c99aafa
  path_provider_foundation: 2b6b4c569c0fb62ec74538f866245ac84301af46
  purchases_flutter: 863da2ed8084053125cefd78524aa8e4047e1cb3
  PurchasesHybridCommon: a712dcce0d81fa39dada521292408816146ca58c
  RevenueCat: 34f4147c8d26d2f3c691be4e3c9f033698e557f2
  share_plus: 8b6f8b3447e494cca5317c8c3073de39b3600d1f
  shared_preferences_foundation: fcdcbc04712aee1108ac7fda236f363274528f78
  sqflite_darwin: 5a7236e3b501866c1c9befc6771dfd73ffb8702d
  url_launcher_ios: 5334b05cef931de560670eeae103fd3e431ac3fe
  webview_flutter_wkwebview: 0982481e3d9c78fd5c6f62a002fcd24fc791f1e4
  workmanager: 0afdcf5628bbde6924c21af7836fed07b42e30e6

PODFILE CHECKSUM: 351dbda8241c6ae667acbc7bc0353a0d9978d7f1

COCOAPODS: 1.15.2
